
Microsoft Visual Studio Solution File, Format Version 12.00
# Visual Studio Version 16
VisualStudioVersion = 16.0.29503.13
MinimumVisualStudioVersion = 10.0.40219.1
Project("{9A19103F-16F7-4668-BE54-9A1E7A4F7556}") = "FootballPools.Common", "FootballPools.Common\FootballPools.Common.csproj", "{B011ED9B-6427-449F-BBC5-6AB3BB8950B4}"
EndProject
Project("{FAE04EC0-301F-11D3-BF4B-00C04F79EFBC}") = "FootballPools.Web", "FootballPools.Web\FootballPools.Web.csproj", "{C32AEA9F-DCD1-457C-AAF4-B0C9BE7AFE2C}"
EndProject
Project("{FAE04EC0-301F-11D3-BF4B-00C04F79EFBC}") = "FootballPools.Prism", "FootballPools.Prism\FootballPools.Prism\FootballPools.Prism.csproj", "{9BA81B84-BA34-46D5-8DAC-5897A95F1CA7}"
EndProject
Project("{FAE04EC0-301F-11D3-BF4B-00C04F79EFBC}") = "FootballPools.Prism.Android", "FootballPools.Prism\FootballPools.Prism.Android\FootballPools.Prism.Android.csproj", "{4C2DF3AC-26C2-4FB4-8D9D-A0FAAE5D98BD}"
EndProject
Project("{FAE04EC0-301F-11D3-BF4B-00C04F79EFBC}") = "FootballPools.Prism.iOS", "FootballPools.Prism\FootballPools.Prism.iOS\FootballPools.Prism.iOS.csproj", "{E9724D33-5099-46F5-ADD2-4305407FC079}"
EndProject
Global
	GlobalSection(SolutionConfigurationPlatforms) = preSolution
		Ad-Hoc|Any CPU = Ad-Hoc|Any CPU
		Ad-Hoc|iPhone = Ad-Hoc|iPhone
		Ad-Hoc|iPhoneSimulator = Ad-Hoc|iPhoneSimulator
		AppStore|Any CPU = AppStore|Any CPU
		AppStore|iPhone = AppStore|iPhone
		AppStore|iPhoneSimulator = AppStore|iPhoneSimulator
		Debug|Any CPU = Debug|Any CPU
		Debug|iPhone = Debug|iPhone
		Debug|iPhoneSimulator = Debug|iPhoneSimulator
		Release|Any CPU = Release|Any CPU
		Release|iPhone = Release|iPhone
		Release|iPhoneSimulator = Release|iPhoneSimulator
	EndGlobalSection
	GlobalSection(ProjectConfigurationPlatforms) = postSolution
		{B011ED9B-6427-449F-BBC5-6AB3BB8950B4}.Ad-Hoc|Any CPU.ActiveCfg = Release|Any CPU
		{B011ED9B-6427-449F-BBC5-6AB3BB8950B4}.Ad-Hoc|Any CPU.Build.0 = Release|Any CPU
		{B011ED9B-6427-449F-BBC5-6AB3BB8950B4}.Ad-Hoc|iPhone.ActiveCfg = Release|Any CPU
		{B011ED9B-6427-449F-BBC5-6AB3BB8950B4}.Ad-Hoc|iPhone.Build.0 = Release|Any CPU
		{B011ED9B-6427-449F-BBC5-6AB3BB8950B4}.Ad-Hoc|iPhoneSimulator.ActiveCfg = Release|Any CPU
		{B011ED9B-6427-449F-BBC5-6AB3BB8950B4}.Ad-Hoc|iPhoneSimulator.Build.0 = Release|Any CPU
		{B011ED9B-6427-449F-BBC5-6AB3BB8950B4}.AppStore|Any CPU.ActiveCfg = Release|Any CPU
		{B011ED9B-6427-449F-BBC5-6AB3BB8950B4}.AppStore|Any CPU.Build.0 = Release|Any CPU
		{B011ED9B-6427-449F-BBC5-6AB3BB8950B4}.AppStore|iPhone.ActiveCfg = Release|Any CPU
		{B011ED9B-6427-449F-BBC5-6AB3BB8950B4}.AppStore|iPhone.Build.0 = Release|Any CPU
		{B011ED9B-6427-449F-BBC5-6AB3BB8950B4}.AppStore|iPhoneSimulator.ActiveCfg = Release|Any CPU
		{B011ED9B-6427-449F-BBC5-6AB3BB8950B4}.AppStore|iPhoneSimulator.Build.0 = Release|Any CPU
		{B011ED9B-6427-449F-BBC5-6AB3BB8950B4}.Debug|Any CPU.ActiveCfg = Debug|Any CPU
		{B011ED9B-6427-449F-BBC5-6AB3BB8950B4}.Debug|Any CPU.Build.0 = Debug|Any CPU
		{B011ED9B-6427-449F-BBC5-6AB3BB8950B4}.Debug|iPhone.ActiveCfg = Debug|Any CPU
		{B011ED9B-6427-449F-BBC5-6AB3BB8950B4}.Debug|iPhone.Build.0 = Debug|Any CPU
		{B011ED9B-6427-449F-BBC5-6AB3BB8950B4}.Debug|iPhoneSimulator.ActiveCfg = Debug|Any CPU
		{B011ED9B-6427-449F-BBC5-6AB3BB8950B4}.Debug|iPhoneSimulator.Build.0 = Debug|Any CPU
		{B011ED9B-6427-449F-BBC5-6AB3BB8950B4}.Release|Any CPU.ActiveCfg = Release|Any CPU
		{B011ED9B-6427-449F-BBC5-6AB3BB8950B4}.Release|Any CPU.Build.0 = Release|Any CPU
		{B011ED9B-6427-449F-BBC5-6AB3BB8950B4}.Release|iPhone.ActiveCfg = Release|Any CPU
		{B011ED9B-6427-449F-BBC5-6AB3BB8950B4}.Release|iPhone.Build.0 = Release|Any CPU
		{B011ED9B-6427-449F-BBC5-6AB3BB8950B4}.Release|iPhoneSimulator.ActiveCfg = Release|Any CPU
		{B011ED9B-6427-449F-BBC5-6AB3BB8950B4}.Release|iPhoneSimulator.Build.0 = Release|Any CPU
		{C32AEA9F-DCD1-457C-AAF4-B0C9BE7AFE2C}.Ad-Hoc|Any CPU.ActiveCfg = Debug|Any CPU
		{C32AEA9F-DCD1-457C-AAF4-B0C9BE7AFE2C}.Ad-Hoc|Any CPU.Build.0 = Debug|Any CPU
		{C32AEA9F-DCD1-457C-AAF4-B0C9BE7AFE2C}.Ad-Hoc|iPhone.ActiveCfg = Debug|Any CPU
		{C32AEA9F-DCD1-457C-AAF4-B0C9BE7AFE2C}.Ad-Hoc|iPhone.Build.0 = Debug|Any CPU
		{C32AEA9F-DCD1-457C-AAF4-B0C9BE7AFE2C}.Ad-Hoc|iPhoneSimulator.ActiveCfg = Debug|Any CPU
		{C32AEA9F-DCD1-457C-AAF4-B0C9BE7AFE2C}.Ad-Hoc|iPhoneSimulator.Build.0 = Debug|Any CPU
		{C32AEA9F-DCD1-457C-AAF4-B0C9BE7AFE2C}.AppStore|Any CPU.ActiveCfg = Debug|Any CPU
		{C32AEA9F-DCD1-457C-AAF4-B0C9BE7AFE2C}.AppStore|Any CPU.Build.0 = Debug|Any CPU
		{C32AEA9F-DCD1-457C-AAF4-B0C9BE7AFE2C}.AppStore|iPhone.ActiveCfg = Debug|Any CPU
		{C32AEA9F-DCD1-457C-AAF4-B0C9BE7AFE2C}.AppStore|iPhone.Build.0 = Debug|Any CPU
		{C32AEA9F-DCD1-457C-AAF4-B0C9BE7AFE2C}.AppStore|iPhoneSimulator.ActiveCfg = Debug|Any CPU
		{C32AEA9F-DCD1-457C-AAF4-B0C9BE7AFE2C}.AppStore|iPhoneSimulator.Build.0 = Debug|Any CPU
		{C32AEA9F-DCD1-457C-AAF4-B0C9BE7AFE2C}.Debug|Any CPU.ActiveCfg = Debug|Any CPU
		{C32AEA9F-DCD1-457C-AAF4-B0C9BE7AFE2C}.Debug|Any CPU.Build.0 = Debug|Any CPU
		{C32AEA9F-DCD1-457C-AAF4-B0C9BE7AFE2C}.Debug|iPhone.ActiveCfg = Debug|Any CPU
		{C32AEA9F-DCD1-457C-AAF4-B0C9BE7AFE2C}.Debug|iPhone.Build.0 = Debug|Any CPU
		{C32AEA9F-DCD1-457C-AAF4-B0C9BE7AFE2C}.Debug|iPhoneSimulator.ActiveCfg = Debug|Any CPU
		{C32AEA9F-DCD1-457C-AAF4-B0C9BE7AFE2C}.Debug|iPhoneSimulator.Build.0 = Debug|Any CPU
		{C32AEA9F-DCD1-457C-AAF4-B0C9BE7AFE2C}.Release|Any CPU.ActiveCfg = Release|Any CPU
		{C32AEA9F-DCD1-457C-AAF4-B0C9BE7AFE2C}.Release|Any CPU.Build.0 = Release|Any CPU
		{C32AEA9F-DCD1-457C-AAF4-B0C9BE7AFE2C}.Release|iPhone.ActiveCfg = Release|Any CPU
		{C32AEA9F-DCD1-457C-AAF4-B0C9BE7AFE2C}.Release|iPhone.Build.0 = Release|Any CPU
		{C32AEA9F-DCD1-457C-AAF4-B0C9BE7AFE2C}.Release|iPhoneSimulator.ActiveCfg = Release|Any CPU
		{C32AEA9F-DCD1-457C-AAF4-B0C9BE7AFE2C}.Release|iPhoneSimulator.Build.0 = Release|Any CPU
		{9BA81B84-BA34-46D5-8DAC-5897A95F1CA7}.Ad-Hoc|Any CPU.ActiveCfg = Debug|Any CPU
		{9BA81B84-BA34-46D5-8DAC-5897A95F1CA7}.Ad-Hoc|Any CPU.Build.0 = Debug|Any CPU
		{9BA81B84-BA34-46D5-8DAC-5897A95F1CA7}.Ad-Hoc|iPhone.ActiveCfg = Debug|Any CPU
		{9BA81B84-BA34-46D5-8DAC-5897A95F1CA7}.Ad-Hoc|iPhone.Build.0 = Debug|Any CPU
		{9BA81B84-BA34-46D5-8DAC-5897A95F1CA7}.Ad-Hoc|iPhoneSimulator.ActiveCfg = Debug|Any CPU
		{9BA81B84-BA34-46D5-8DAC-5897A95F1CA7}.Ad-Hoc|iPhoneSimulator.Build.0 = Debug|Any CPU
		{9BA81B84-BA34-46D5-8DAC-5897A95F1CA7}.AppStore|Any CPU.ActiveCfg = Debug|Any CPU
		{9BA81B84-BA34-46D5-8DAC-5897A95F1CA7}.AppStore|Any CPU.Build.0 = Debug|Any CPU
		{9BA81B84-BA34-46D5-8DAC-5897A95F1CA7}.AppStore|iPhone.ActiveCfg = Debug|Any CPU
		{9BA81B84-BA34-46D5-8DAC-5897A95F1CA7}.AppStore|iPhone.Build.0 = Debug|Any CPU
		{9BA81B84-BA34-46D5-8DAC-5897A95F1CA7}.AppStore|iPhoneSimulator.ActiveCfg = Debug|Any CPU
		{9BA81B84-BA34-46D5-8DAC-5897A95F1CA7}.AppStore|iPhoneSimulator.Build.0 = Debug|Any CPU
		{9BA81B84-BA34-46D5-8DAC-5897A95F1CA7}.Debug|Any CPU.ActiveCfg = Debug|Any CPU
		{9BA81B84-BA34-46D5-8DAC-5897A95F1CA7}.Debug|Any CPU.Build.0 = Debug|Any CPU
		{9BA81B84-BA34-46D5-8DAC-5897A95F1CA7}.Debug|iPhone.ActiveCfg = Debug|Any CPU
		{9BA81B84-BA34-46D5-8DAC-5897A95F1CA7}.Debug|iPhone.Build.0 = Debug|Any CPU
		{9BA81B84-BA34-46D5-8DAC-5897A95F1CA7}.Debug|iPhoneSimulator.ActiveCfg = Debug|Any CPU
		{9BA81B84-BA34-46D5-8DAC-5897A95F1CA7}.Debug|iPhoneSimulator.Build.0 = Debug|Any CPU
		{9BA81B84-BA34-46D5-8DAC-5897A95F1CA7}.Release|Any CPU.ActiveCfg = Release|Any CPU
		{9BA81B84-BA34-46D5-8DAC-5897A95F1CA7}.Release|Any CPU.Build.0 = Release|Any CPU
		{9BA81B84-BA34-46D5-8DAC-5897A95F1CA7}.Release|iPhone.ActiveCfg = Release|Any CPU
		{9BA81B84-BA34-46D5-8DAC-5897A95F1CA7}.Release|iPhone.Build.0 = Release|Any CPU
		{9BA81B84-BA34-46D5-8DAC-5897A95F1CA7}.Release|iPhoneSimulator.ActiveCfg = Release|Any CPU
		{9BA81B84-BA34-46D5-8DAC-5897A95F1CA7}.Release|iPhoneSimulator.Build.0 = Release|Any CPU
		{4C2DF3AC-26C2-4FB4-8D9D-A0FAAE5D98BD}.Ad-Hoc|Any CPU.ActiveCfg = Release|Any CPU
		{4C2DF3AC-26C2-4FB4-8D9D-A0FAAE5D98BD}.Ad-Hoc|Any CPU.Build.0 = Release|Any CPU
		{4C2DF3AC-26C2-4FB4-8D9D-A0FAAE5D98BD}.Ad-Hoc|Any CPU.Deploy.0 = Release|Any CPU
		{4C2DF3AC-26C2-4FB4-8D9D-A0FAAE5D98BD}.Ad-Hoc|iPhone.ActiveCfg = Release|Any CPU
		{4C2DF3AC-26C2-4FB4-8D9D-A0FAAE5D98BD}.Ad-Hoc|iPhone.Build.0 = Release|Any CPU
		{4C2DF3AC-26C2-4FB4-8D9D-A0FAAE5D98BD}.Ad-Hoc|iPhone.Deploy.0 = Release|Any CPU
		{4C2DF3AC-26C2-4FB4-8D9D-A0FAAE5D98BD}.Ad-Hoc|iPhoneSimulator.ActiveCfg = Release|Any CPU
		{4C2DF3AC-26C2-4FB4-8D9D-A0FAAE5D98BD}.Ad-Hoc|iPhoneSimulator.Build.0 = Release|Any CPU
		{4C2DF3AC-26C2-4FB4-8D9D-A0FAAE5D98BD}.Ad-Hoc|iPhoneSimulator.Deploy.0 = Release|Any CPU
		{4C2DF3AC-26C2-4FB4-8D9D-A0FAAE5D98BD}.AppStore|Any CPU.ActiveCfg = Release|Any CPU
		{4C2DF3AC-26C2-4FB4-8D9D-A0FAAE5D98BD}.AppStore|Any CPU.Build.0 = Release|Any CPU
		{4C2DF3AC-26C2-4FB4-8D9D-A0FAAE5D98BD}.AppStore|Any CPU.Deploy.0 = Release|Any CPU
		{4C2DF3AC-26C2-4FB4-8D9D-A0FAAE5D98BD}.AppStore|iPhone.ActiveCfg = Release|Any CPU
		{4C2DF3AC-26C2-4FB4-8D9D-A0FAAE5D98BD}.AppStore|iPhone.Build.0 = Release|Any CPU
		{4C2DF3AC-26C2-4FB4-8D9D-A0FAAE5D98BD}.AppStore|iPhone.Deploy.0 = Release|Any CPU
		{4C2DF3AC-26C2-4FB4-8D9D-A0FAAE5D98BD}.AppStore|iPhoneSimulator.ActiveCfg = Release|Any CPU
		{4C2DF3AC-26C2-4FB4-8D9D-A0FAAE5D98BD}.AppStore|iPhoneSimulator.Build.0 = Release|Any CPU
		{4C2DF3AC-26C2-4FB4-8D9D-A0FAAE5D98BD}.AppStore|iPhoneSimulator.Deploy.0 = Release|Any CPU
		{4C2DF3AC-26C2-4FB4-8D9D-A0FAAE5D98BD}.Debug|Any CPU.ActiveCfg = Debug|Any CPU
		{4C2DF3AC-26C2-4FB4-8D9D-A0FAAE5D98BD}.Debug|Any CPU.Build.0 = Debug|Any CPU
		{4C2DF3AC-26C2-4FB4-8D9D-A0FAAE5D98BD}.Debug|Any CPU.Deploy.0 = Debug|Any CPU
		{4C2DF3AC-26C2-4FB4-8D9D-A0FAAE5D98BD}.Debug|iPhone.ActiveCfg = Debug|Any CPU
		{4C2DF3AC-26C2-4FB4-8D9D-A0FAAE5D98BD}.Debug|iPhone.Build.0 = Debug|Any CPU
		{4C2DF3AC-26C2-4FB4-8D9D-A0FAAE5D98BD}.Debug|iPhone.Deploy.0 = Debug|Any CPU
		{4C2DF3AC-26C2-4FB4-8D9D-A0FAAE5D98BD}.Debug|iPhoneSimulator.ActiveCfg = Debug|Any CPU
		{4C2DF3AC-26C2-4FB4-8D9D-A0FAAE5D98BD}.Debug|iPhoneSimulator.Build.0 = Debug|Any CPU
		{4C2DF3AC-26C2-4FB4-8D9D-A0FAAE5D98BD}.Debug|iPhoneSimulator.Deploy.0 = Debug|Any CPU
		{4C2DF3AC-26C2-4FB4-8D9D-A0FAAE5D98BD}.Release|Any CPU.ActiveCfg = Release|Any CPU
		{4C2DF3AC-26C2-4FB4-8D9D-A0FAAE5D98BD}.Release|Any CPU.Build.0 = Release|Any CPU
		{4C2DF3AC-26C2-4FB4-8D9D-A0FAAE5D98BD}.Release|Any CPU.Deploy.0 = Release|Any CPU
		{4C2DF3AC-26C2-4FB4-8D9D-A0FAAE5D98BD}.Release|iPhone.ActiveCfg = Release|Any CPU
		{4C2DF3AC-26C2-4FB4-8D9D-A0FAAE5D98BD}.Release|iPhone.Build.0 = Release|Any CPU
		{4C2DF3AC-26C2-4FB4-8D9D-A0FAAE5D98BD}.Release|iPhone.Deploy.0 = Release|Any CPU
		{4C2DF3AC-26C2-4FB4-8D9D-A0FAAE5D98BD}.Release|iPhoneSimulator.ActiveCfg = Release|Any CPU
		{4C2DF3AC-26C2-4FB4-8D9D-A0FAAE5D98BD}.Release|iPhoneSimulator.Build.0 = Release|Any CPU
		{4C2DF3AC-26C2-4FB4-8D9D-A0FAAE5D98BD}.Release|iPhoneSimulator.Deploy.0 = Release|Any CPU
		{E9724D33-5099-46F5-ADD2-4305407FC079}.Ad-Hoc|Any CPU.ActiveCfg = Ad-Hoc|iPhone
		{E9724D33-5099-46F5-ADD2-4305407FC079}.Ad-Hoc|iPhone.ActiveCfg = Ad-Hoc|iPhone
		{E9724D33-5099-46F5-ADD2-4305407FC079}.Ad-Hoc|iPhone.Build.0 = Ad-Hoc|iPhone
		{E9724D33-5099-46F5-ADD2-4305407FC079}.Ad-Hoc|iPhoneSimulator.ActiveCfg = Ad-Hoc|iPhoneSimulator
		{E9724D33-5099-46F5-ADD2-4305407FC079}.Ad-Hoc|iPhoneSimulator.Build.0 = Ad-Hoc|iPhoneSimulator
		{E9724D33-5099-46F5-ADD2-4305407FC079}.AppStore|Any CPU.ActiveCfg = AppStore|iPhone
		{E9724D33-5099-46F5-ADD2-4305407FC079}.AppStore|iPhone.ActiveCfg = AppStore|iPhone
		{E9724D33-5099-46F5-ADD2-4305407FC079}.AppStore|iPhone.Build.0 = AppStore|iPhone
		{E9724D33-5099-46F5-ADD2-4305407FC079}.AppStore|iPhoneSimulator.ActiveCfg = AppStore|iPhoneSimulator
		{E9724D33-5099-46F5-ADD2-4305407FC079}.AppStore|iPhoneSimulator.Build.0 = AppStore|iPhoneSimulator
		{E9724D33-5099-46F5-ADD2-4305407FC079}.Debug|Any CPU.ActiveCfg = Debug|iPhone
		{E9724D33-5099-46F5-ADD2-4305407FC079}.Debug|iPhone.ActiveCfg = Debug|iPhone
		{E9724D33-5099-46F5-ADD2-4305407FC079}.Debug|iPhone.Build.0 = Debug|iPhone
		{E9724D33-5099-46F5-ADD2-4305407FC079}.Debug|iPhoneSimulator.ActiveCfg = Debug|iPhoneSimulator
		{E9724D33-5099-46F5-ADD2-4305407FC079}.Debug|iPhoneSimulator.Build.0 = Debug|iPhoneSimulator
		{E9724D33-5099-46F5-ADD2-4305407FC079}.Release|Any CPU.ActiveCfg = Release|iPhone
		{E9724D33-5099-46F5-ADD2-4305407FC079}.Release|iPhone.ActiveCfg = Release|iPhone
		{E9724D33-5099-46F5-ADD2-4305407FC079}.Release|iPhone.Build.0 = Release|iPhone
		{E9724D33-5099-46F5-ADD2-4305407FC079}.Release|iPhoneSimulator.ActiveCfg = Release|iPhoneSimulator
		{E9724D33-5099-46F5-ADD2-4305407FC079}.Release|iPhoneSimulator.Build.0 = Release|iPhoneSimulator
	EndGlobalSection
	GlobalSection(SolutionProperties) = preSolution
		HideSolutionNode = FALSE
	EndGlobalSection
	GlobalSection(ExtensibilityGlobals) = postSolution
		SolutionGuid = {4C06CF84-2DCE-4F4E-A5AE-225E3EC33792}
	EndGlobalSection
EndGlobal
