
Microsoft Visual Studio Solution File, Format Version 12.00
# Visual Studio Version 16
VisualStudioVersion = 16.0.29503.13
MinimumVisualStudioVersion = 10.0.40219.1
Project("{9A19103F-16F7-4668-BE54-9A1E7A4F7556}") = "FootballPools.Common", "FootballPools.Common\FootballPools.Common.csproj", "{B011ED9B-6427-449F-BBC5-6AB3BB8950B4}"
EndProject
Project("{9A19103F-16F7-4668-BE54-9A1E7A4F7556}") = "FootballPools.Web", "FootballPools.Web\FootballPools.Web.csproj", "{C32AEA9F-DCD1-457C-AAF4-B0C9BE7AFE2C}"
EndProject
Project("{FAE04EC0-301F-11D3-BF4B-00C04F79EFBC}") = "FootballPools.Prism", "FootballPools.Prism\FootballPools.Prism\FootballPools.Prism.csproj", "{1D1226E3-68CC-485A-94AF-CD560EF4DD9B}"
EndProject
Project("{FAE04EC0-301F-11D3-BF4B-00C04F79EFBC}") = "FootballPools.Prism.Android", "FootballPools.Prism\FootballPools.Prism.Android\FootballPools.Prism.Android.csproj", "{1E8C403C-3036-49DE-867F-DE921EBEBC5E}"
EndProject
Project("{FAE04EC0-301F-11D3-BF4B-00C04F79EFBC}") = "FootballPools.Prism.iOS", "FootballPools.Prism\FootballPools.Prism.iOS\FootballPools.Prism.iOS.csproj", "{4E80AF5C-D5AF-4502-BB56-35C365142E3F}"
EndProject
Project("{FAE04EC0-301F-11D3-BF4B-00C04F79EFBC}") = "FootballPools.Cross.Android", "FootballPools.Cross.Android\FootballPools.Cross.Android.csproj", "{C9F9E45B-2095-4817-A4EF-B6653DD09179}"
EndProject
Project("{FAE04EC0-301F-11D3-BF4B-00C04F79EFBC}") = "FootballPools.Cross.IOS", "FootballPools.Cross.IOS\FootballPools.Cross.IOS.csproj", "{2930B735-8FAF-4160-9BD6-635CDA75D42C}"
EndProject
Global
	GlobalSection(SolutionConfigurationPlatforms) = preSolution
		Ad-Hoc|Any CPU = Ad-Hoc|Any CPU
		Ad-Hoc|iPhone = Ad-Hoc|iPhone
		Ad-Hoc|iPhoneSimulator = Ad-Hoc|iPhoneSimulator
		AppStore|Any CPU = AppStore|Any CPU
		AppStore|iPhone = AppStore|iPhone
		AppStore|iPhoneSimulator = AppStore|iPhoneSimulator
		Debug|Any CPU = Debug|Any CPU
		Debug|iPhone = Debug|iPhone
		Debug|iPhoneSimulator = Debug|iPhoneSimulator
		Release|Any CPU = Release|Any CPU
		Release|iPhone = Release|iPhone
		Release|iPhoneSimulator = Release|iPhoneSimulator
	EndGlobalSection
	GlobalSection(ProjectConfigurationPlatforms) = postSolution
		{B011ED9B-6427-449F-BBC5-6AB3BB8950B4}.Ad-Hoc|Any CPU.ActiveCfg = Release|Any CPU
		{B011ED9B-6427-449F-BBC5-6AB3BB8950B4}.Ad-Hoc|Any CPU.Build.0 = Release|Any CPU
		{B011ED9B-6427-449F-BBC5-6AB3BB8950B4}.Ad-Hoc|iPhone.ActiveCfg = Release|Any CPU
		{B011ED9B-6427-449F-BBC5-6AB3BB8950B4}.Ad-Hoc|iPhone.Build.0 = Release|Any CPU
		{B011ED9B-6427-449F-BBC5-6AB3BB8950B4}.Ad-Hoc|iPhoneSimulator.ActiveCfg = Release|Any CPU
		{B011ED9B-6427-449F-BBC5-6AB3BB8950B4}.Ad-Hoc|iPhoneSimulator.Build.0 = Release|Any CPU
		{B011ED9B-6427-449F-BBC5-6AB3BB8950B4}.AppStore|Any CPU.ActiveCfg = Release|Any CPU
		{B011ED9B-6427-449F-BBC5-6AB3BB8950B4}.AppStore|Any CPU.Build.0 = Release|Any CPU
		{B011ED9B-6427-449F-BBC5-6AB3BB8950B4}.AppStore|iPhone.ActiveCfg = Release|Any CPU
		{B011ED9B-6427-449F-BBC5-6AB3BB8950B4}.AppStore|iPhone.Build.0 = Release|Any CPU
		{B011ED9B-6427-449F-BBC5-6AB3BB8950B4}.AppStore|iPhoneSimulator.ActiveCfg = Release|Any CPU
		{B011ED9B-6427-449F-BBC5-6AB3BB8950B4}.AppStore|iPhoneSimulator.Build.0 = Release|Any CPU
		{B011ED9B-6427-449F-BBC5-6AB3BB8950B4}.Debug|Any CPU.ActiveCfg = Debug|Any CPU
		{B011ED9B-6427-449F-BBC5-6AB3BB8950B4}.Debug|Any CPU.Build.0 = Debug|Any CPU
		{B011ED9B-6427-449F-BBC5-6AB3BB8950B4}.Debug|iPhone.ActiveCfg = Debug|Any CPU
		{B011ED9B-6427-449F-BBC5-6AB3BB8950B4}.Debug|iPhone.Build.0 = Debug|Any CPU
		{B011ED9B-6427-449F-BBC5-6AB3BB8950B4}.Debug|iPhoneSimulator.ActiveCfg = Debug|Any CPU
		{B011ED9B-6427-449F-BBC5-6AB3BB8950B4}.Debug|iPhoneSimulator.Build.0 = Debug|Any CPU
		{B011ED9B-6427-449F-BBC5-6AB3BB8950B4}.Release|Any CPU.ActiveCfg = Release|Any CPU
		{B011ED9B-6427-449F-BBC5-6AB3BB8950B4}.Release|Any CPU.Build.0 = Release|Any CPU
		{B011ED9B-6427-449F-BBC5-6AB3BB8950B4}.Release|iPhone.ActiveCfg = Release|Any CPU
		{B011ED9B-6427-449F-BBC5-6AB3BB8950B4}.Release|iPhone.Build.0 = Release|Any CPU
		{B011ED9B-6427-449F-BBC5-6AB3BB8950B4}.Release|iPhoneSimulator.ActiveCfg = Release|Any CPU
		{B011ED9B-6427-449F-BBC5-6AB3BB8950B4}.Release|iPhoneSimulator.Build.0 = Release|Any CPU
		{C32AEA9F-DCD1-457C-AAF4-B0C9BE7AFE2C}.Ad-Hoc|Any CPU.ActiveCfg = Debug|Any CPU
		{C32AEA9F-DCD1-457C-AAF4-B0C9BE7AFE2C}.Ad-Hoc|Any CPU.Build.0 = Debug|Any CPU
		{C32AEA9F-DCD1-457C-AAF4-B0C9BE7AFE2C}.Ad-Hoc|iPhone.ActiveCfg = Debug|Any CPU
		{C32AEA9F-DCD1-457C-AAF4-B0C9BE7AFE2C}.Ad-Hoc|iPhone.Build.0 = Debug|Any CPU
		{C32AEA9F-DCD1-457C-AAF4-B0C9BE7AFE2C}.Ad-Hoc|iPhoneSimulator.ActiveCfg = Debug|Any CPU
		{C32AEA9F-DCD1-457C-AAF4-B0C9BE7AFE2C}.Ad-Hoc|iPhoneSimulator.Build.0 = Debug|Any CPU
		{C32AEA9F-DCD1-457C-AAF4-B0C9BE7AFE2C}.AppStore|Any CPU.ActiveCfg = Debug|Any CPU
		{C32AEA9F-DCD1-457C-AAF4-B0C9BE7AFE2C}.AppStore|Any CPU.Build.0 = Debug|Any CPU
		{C32AEA9F-DCD1-457C-AAF4-B0C9BE7AFE2C}.AppStore|iPhone.ActiveCfg = Debug|Any CPU
		{C32AEA9F-DCD1-457C-AAF4-B0C9BE7AFE2C}.AppStore|iPhone.Build.0 = Debug|Any CPU
		{C32AEA9F-DCD1-457C-AAF4-B0C9BE7AFE2C}.AppStore|iPhoneSimulator.ActiveCfg = Debug|Any CPU
		{C32AEA9F-DCD1-457C-AAF4-B0C9BE7AFE2C}.AppStore|iPhoneSimulator.Build.0 = Debug|Any CPU
		{C32AEA9F-DCD1-457C-AAF4-B0C9BE7AFE2C}.Debug|Any CPU.ActiveCfg = Debug|Any CPU
		{C32AEA9F-DCD1-457C-AAF4-B0C9BE7AFE2C}.Debug|Any CPU.Build.0 = Debug|Any CPU
		{C32AEA9F-DCD1-457C-AAF4-B0C9BE7AFE2C}.Debug|iPhone.ActiveCfg = Debug|Any CPU
		{C32AEA9F-DCD1-457C-AAF4-B0C9BE7AFE2C}.Debug|iPhone.Build.0 = Debug|Any CPU
		{C32AEA9F-DCD1-457C-AAF4-B0C9BE7AFE2C}.Debug|iPhoneSimulator.ActiveCfg = Debug|Any CPU
		{C32AEA9F-DCD1-457C-AAF4-B0C9BE7AFE2C}.Debug|iPhoneSimulator.Build.0 = Debug|Any CPU
		{C32AEA9F-DCD1-457C-AAF4-B0C9BE7AFE2C}.Release|Any CPU.ActiveCfg = Release|Any CPU
		{C32AEA9F-DCD1-457C-AAF4-B0C9BE7AFE2C}.Release|Any CPU.Build.0 = Release|Any CPU
		{C32AEA9F-DCD1-457C-AAF4-B0C9BE7AFE2C}.Release|iPhone.ActiveCfg = Release|Any CPU
		{C32AEA9F-DCD1-457C-AAF4-B0C9BE7AFE2C}.Release|iPhone.Build.0 = Release|Any CPU
		{C32AEA9F-DCD1-457C-AAF4-B0C9BE7AFE2C}.Release|iPhoneSimulator.ActiveCfg = Release|Any CPU
		{C32AEA9F-DCD1-457C-AAF4-B0C9BE7AFE2C}.Release|iPhoneSimulator.Build.0 = Release|Any CPU
		{1D1226E3-68CC-485A-94AF-CD560EF4DD9B}.Ad-Hoc|Any CPU.ActiveCfg = Debug|Any CPU
		{1D1226E3-68CC-485A-94AF-CD560EF4DD9B}.Ad-Hoc|Any CPU.Build.0 = Debug|Any CPU
		{1D1226E3-68CC-485A-94AF-CD560EF4DD9B}.Ad-Hoc|iPhone.ActiveCfg = Debug|Any CPU
		{1D1226E3-68CC-485A-94AF-CD560EF4DD9B}.Ad-Hoc|iPhone.Build.0 = Debug|Any CPU
		{1D1226E3-68CC-485A-94AF-CD560EF4DD9B}.Ad-Hoc|iPhoneSimulator.ActiveCfg = Debug|Any CPU
		{1D1226E3-68CC-485A-94AF-CD560EF4DD9B}.Ad-Hoc|iPhoneSimulator.Build.0 = Debug|Any CPU
		{1D1226E3-68CC-485A-94AF-CD560EF4DD9B}.AppStore|Any CPU.ActiveCfg = Debug|Any CPU
		{1D1226E3-68CC-485A-94AF-CD560EF4DD9B}.AppStore|Any CPU.Build.0 = Debug|Any CPU
		{1D1226E3-68CC-485A-94AF-CD560EF4DD9B}.AppStore|iPhone.ActiveCfg = Debug|Any CPU
		{1D1226E3-68CC-485A-94AF-CD560EF4DD9B}.AppStore|iPhone.Build.0 = Debug|Any CPU
		{1D1226E3-68CC-485A-94AF-CD560EF4DD9B}.AppStore|iPhoneSimulator.ActiveCfg = Debug|Any CPU
		{1D1226E3-68CC-485A-94AF-CD560EF4DD9B}.AppStore|iPhoneSimulator.Build.0 = Debug|Any CPU
		{1D1226E3-68CC-485A-94AF-CD560EF4DD9B}.Debug|Any CPU.ActiveCfg = Debug|Any CPU
		{1D1226E3-68CC-485A-94AF-CD560EF4DD9B}.Debug|Any CPU.Build.0 = Debug|Any CPU
		{1D1226E3-68CC-485A-94AF-CD560EF4DD9B}.Debug|iPhone.ActiveCfg = Debug|Any CPU
		{1D1226E3-68CC-485A-94AF-CD560EF4DD9B}.Debug|iPhone.Build.0 = Debug|Any CPU
		{1D1226E3-68CC-485A-94AF-CD560EF4DD9B}.Debug|iPhoneSimulator.ActiveCfg = Debug|Any CPU
		{1D1226E3-68CC-485A-94AF-CD560EF4DD9B}.Debug|iPhoneSimulator.Build.0 = Debug|Any CPU
		{1D1226E3-68CC-485A-94AF-CD560EF4DD9B}.Release|Any CPU.ActiveCfg = Release|Any CPU
		{1D1226E3-68CC-485A-94AF-CD560EF4DD9B}.Release|Any CPU.Build.0 = Release|Any CPU
		{1D1226E3-68CC-485A-94AF-CD560EF4DD9B}.Release|iPhone.ActiveCfg = Release|Any CPU
		{1D1226E3-68CC-485A-94AF-CD560EF4DD9B}.Release|iPhone.Build.0 = Release|Any CPU
		{1D1226E3-68CC-485A-94AF-CD560EF4DD9B}.Release|iPhoneSimulator.ActiveCfg = Release|Any CPU
		{1D1226E3-68CC-485A-94AF-CD560EF4DD9B}.Release|iPhoneSimulator.Build.0 = Release|Any CPU
		{1E8C403C-3036-49DE-867F-DE921EBEBC5E}.Ad-Hoc|Any CPU.ActiveCfg = Release|Any CPU
		{1E8C403C-3036-49DE-867F-DE921EBEBC5E}.Ad-Hoc|Any CPU.Build.0 = Release|Any CPU
		{1E8C403C-3036-49DE-867F-DE921EBEBC5E}.Ad-Hoc|Any CPU.Deploy.0 = Release|Any CPU
		{1E8C403C-3036-49DE-867F-DE921EBEBC5E}.Ad-Hoc|iPhone.ActiveCfg = Release|Any CPU
		{1E8C403C-3036-49DE-867F-DE921EBEBC5E}.Ad-Hoc|iPhone.Build.0 = Release|Any CPU
		{1E8C403C-3036-49DE-867F-DE921EBEBC5E}.Ad-Hoc|iPhone.Deploy.0 = Release|Any CPU
		{1E8C403C-3036-49DE-867F-DE921EBEBC5E}.Ad-Hoc|iPhoneSimulator.ActiveCfg = Release|Any CPU
		{1E8C403C-3036-49DE-867F-DE921EBEBC5E}.Ad-Hoc|iPhoneSimulator.Build.0 = Release|Any CPU
		{1E8C403C-3036-49DE-867F-DE921EBEBC5E}.Ad-Hoc|iPhoneSimulator.Deploy.0 = Release|Any CPU
		{1E8C403C-3036-49DE-867F-DE921EBEBC5E}.AppStore|Any CPU.ActiveCfg = Release|Any CPU
		{1E8C403C-3036-49DE-867F-DE921EBEBC5E}.AppStore|Any CPU.Build.0 = Release|Any CPU
		{1E8C403C-3036-49DE-867F-DE921EBEBC5E}.AppStore|Any CPU.Deploy.0 = Release|Any CPU
		{1E8C403C-3036-49DE-867F-DE921EBEBC5E}.AppStore|iPhone.ActiveCfg = Release|Any CPU
		{1E8C403C-3036-49DE-867F-DE921EBEBC5E}.AppStore|iPhone.Build.0 = Release|Any CPU
		{1E8C403C-3036-49DE-867F-DE921EBEBC5E}.AppStore|iPhone.Deploy.0 = Release|Any CPU
		{1E8C403C-3036-49DE-867F-DE921EBEBC5E}.AppStore|iPhoneSimulator.ActiveCfg = Release|Any CPU
		{1E8C403C-3036-49DE-867F-DE921EBEBC5E}.AppStore|iPhoneSimulator.Build.0 = Release|Any CPU
		{1E8C403C-3036-49DE-867F-DE921EBEBC5E}.AppStore|iPhoneSimulator.Deploy.0 = Release|Any CPU
		{1E8C403C-3036-49DE-867F-DE921EBEBC5E}.Debug|Any CPU.ActiveCfg = Debug|Any CPU
		{1E8C403C-3036-49DE-867F-DE921EBEBC5E}.Debug|Any CPU.Build.0 = Debug|Any CPU
		{1E8C403C-3036-49DE-867F-DE921EBEBC5E}.Debug|Any CPU.Deploy.0 = Debug|Any CPU
		{1E8C403C-3036-49DE-867F-DE921EBEBC5E}.Debug|iPhone.ActiveCfg = Debug|Any CPU
		{1E8C403C-3036-49DE-867F-DE921EBEBC5E}.Debug|iPhone.Build.0 = Debug|Any CPU
		{1E8C403C-3036-49DE-867F-DE921EBEBC5E}.Debug|iPhone.Deploy.0 = Debug|Any CPU
		{1E8C403C-3036-49DE-867F-DE921EBEBC5E}.Debug|iPhoneSimulator.ActiveCfg = Debug|Any CPU
		{1E8C403C-3036-49DE-867F-DE921EBEBC5E}.Debug|iPhoneSimulator.Build.0 = Debug|Any CPU
		{1E8C403C-3036-49DE-867F-DE921EBEBC5E}.Debug|iPhoneSimulator.Deploy.0 = Debug|Any CPU
		{1E8C403C-3036-49DE-867F-DE921EBEBC5E}.Release|Any CPU.ActiveCfg = Release|Any CPU
		{1E8C403C-3036-49DE-867F-DE921EBEBC5E}.Release|Any CPU.Build.0 = Release|Any CPU
		{1E8C403C-3036-49DE-867F-DE921EBEBC5E}.Release|Any CPU.Deploy.0 = Release|Any CPU
		{1E8C403C-3036-49DE-867F-DE921EBEBC5E}.Release|iPhone.ActiveCfg = Release|Any CPU
		{1E8C403C-3036-49DE-867F-DE921EBEBC5E}.Release|iPhone.Build.0 = Release|Any CPU
		{1E8C403C-3036-49DE-867F-DE921EBEBC5E}.Release|iPhone.Deploy.0 = Release|Any CPU
		{1E8C403C-3036-49DE-867F-DE921EBEBC5E}.Release|iPhoneSimulator.ActiveCfg = Release|Any CPU
		{1E8C403C-3036-49DE-867F-DE921EBEBC5E}.Release|iPhoneSimulator.Build.0 = Release|Any CPU
		{1E8C403C-3036-49DE-867F-DE921EBEBC5E}.Release|iPhoneSimulator.Deploy.0 = Release|Any CPU
		{4E80AF5C-D5AF-4502-BB56-35C365142E3F}.Ad-Hoc|Any CPU.ActiveCfg = Ad-Hoc|iPhone
		{4E80AF5C-D5AF-4502-BB56-35C365142E3F}.Ad-Hoc|iPhone.ActiveCfg = Ad-Hoc|iPhone
		{4E80AF5C-D5AF-4502-BB56-35C365142E3F}.Ad-Hoc|iPhone.Build.0 = Ad-Hoc|iPhone
		{4E80AF5C-D5AF-4502-BB56-35C365142E3F}.Ad-Hoc|iPhoneSimulator.ActiveCfg = Ad-Hoc|iPhoneSimulator
		{4E80AF5C-D5AF-4502-BB56-35C365142E3F}.Ad-Hoc|iPhoneSimulator.Build.0 = Ad-Hoc|iPhoneSimulator
		{4E80AF5C-D5AF-4502-BB56-35C365142E3F}.AppStore|Any CPU.ActiveCfg = AppStore|iPhone
		{4E80AF5C-D5AF-4502-BB56-35C365142E3F}.AppStore|iPhone.ActiveCfg = AppStore|iPhone
		{4E80AF5C-D5AF-4502-BB56-35C365142E3F}.AppStore|iPhone.Build.0 = AppStore|iPhone
		{4E80AF5C-D5AF-4502-BB56-35C365142E3F}.AppStore|iPhoneSimulator.ActiveCfg = AppStore|iPhoneSimulator
		{4E80AF5C-D5AF-4502-BB56-35C365142E3F}.AppStore|iPhoneSimulator.Build.0 = AppStore|iPhoneSimulator
		{4E80AF5C-D5AF-4502-BB56-35C365142E3F}.Debug|Any CPU.ActiveCfg = Debug|iPhone
		{4E80AF5C-D5AF-4502-BB56-35C365142E3F}.Debug|iPhone.ActiveCfg = Debug|iPhone
		{4E80AF5C-D5AF-4502-BB56-35C365142E3F}.Debug|iPhone.Build.0 = Debug|iPhone
		{4E80AF5C-D5AF-4502-BB56-35C365142E3F}.Debug|iPhoneSimulator.ActiveCfg = Debug|iPhoneSimulator
		{4E80AF5C-D5AF-4502-BB56-35C365142E3F}.Debug|iPhoneSimulator.Build.0 = Debug|iPhoneSimulator
		{4E80AF5C-D5AF-4502-BB56-35C365142E3F}.Release|Any CPU.ActiveCfg = Release|iPhone
		{4E80AF5C-D5AF-4502-BB56-35C365142E3F}.Release|iPhone.ActiveCfg = Release|iPhone
		{4E80AF5C-D5AF-4502-BB56-35C365142E3F}.Release|iPhone.Build.0 = Release|iPhone
		{4E80AF5C-D5AF-4502-BB56-35C365142E3F}.Release|iPhoneSimulator.ActiveCfg = Release|iPhoneSimulator
		{4E80AF5C-D5AF-4502-BB56-35C365142E3F}.Release|iPhoneSimulator.Build.0 = Release|iPhoneSimulator
		{C9F9E45B-2095-4817-A4EF-B6653DD09179}.Ad-Hoc|Any CPU.ActiveCfg = Release|Any CPU
		{C9F9E45B-2095-4817-A4EF-B6653DD09179}.Ad-Hoc|Any CPU.Build.0 = Release|Any CPU
		{C9F9E45B-2095-4817-A4EF-B6653DD09179}.Ad-Hoc|Any CPU.Deploy.0 = Release|Any CPU
		{C9F9E45B-2095-4817-A4EF-B6653DD09179}.Ad-Hoc|iPhone.ActiveCfg = Release|Any CPU
		{C9F9E45B-2095-4817-A4EF-B6653DD09179}.Ad-Hoc|iPhone.Build.0 = Release|Any CPU
		{C9F9E45B-2095-4817-A4EF-B6653DD09179}.Ad-Hoc|iPhone.Deploy.0 = Release|Any CPU
		{C9F9E45B-2095-4817-A4EF-B6653DD09179}.Ad-Hoc|iPhoneSimulator.ActiveCfg = Release|Any CPU
		{C9F9E45B-2095-4817-A4EF-B6653DD09179}.Ad-Hoc|iPhoneSimulator.Build.0 = Release|Any CPU
		{C9F9E45B-2095-4817-A4EF-B6653DD09179}.Ad-Hoc|iPhoneSimulator.Deploy.0 = Release|Any CPU
		{C9F9E45B-2095-4817-A4EF-B6653DD09179}.AppStore|Any CPU.ActiveCfg = Release|Any CPU
		{C9F9E45B-2095-4817-A4EF-B6653DD09179}.AppStore|Any CPU.Build.0 = Release|Any CPU
		{C9F9E45B-2095-4817-A4EF-B6653DD09179}.AppStore|Any CPU.Deploy.0 = Release|Any CPU
		{C9F9E45B-2095-4817-A4EF-B6653DD09179}.AppStore|iPhone.ActiveCfg = Release|Any CPU
		{C9F9E45B-2095-4817-A4EF-B6653DD09179}.AppStore|iPhone.Build.0 = Release|Any CPU
		{C9F9E45B-2095-4817-A4EF-B6653DD09179}.AppStore|iPhone.Deploy.0 = Release|Any CPU
		{C9F9E45B-2095-4817-A4EF-B6653DD09179}.AppStore|iPhoneSimulator.ActiveCfg = Release|Any CPU
		{C9F9E45B-2095-4817-A4EF-B6653DD09179}.AppStore|iPhoneSimulator.Build.0 = Release|Any CPU
		{C9F9E45B-2095-4817-A4EF-B6653DD09179}.AppStore|iPhoneSimulator.Deploy.0 = Release|Any CPU
		{C9F9E45B-2095-4817-A4EF-B6653DD09179}.Debug|Any CPU.ActiveCfg = Debug|Any CPU
		{C9F9E45B-2095-4817-A4EF-B6653DD09179}.Debug|Any CPU.Build.0 = Debug|Any CPU
		{C9F9E45B-2095-4817-A4EF-B6653DD09179}.Debug|Any CPU.Deploy.0 = Debug|Any CPU
		{C9F9E45B-2095-4817-A4EF-B6653DD09179}.Debug|iPhone.ActiveCfg = Debug|Any CPU
		{C9F9E45B-2095-4817-A4EF-B6653DD09179}.Debug|iPhone.Build.0 = Debug|Any CPU
		{C9F9E45B-2095-4817-A4EF-B6653DD09179}.Debug|iPhone.Deploy.0 = Debug|Any CPU
		{C9F9E45B-2095-4817-A4EF-B6653DD09179}.Debug|iPhoneSimulator.ActiveCfg = Debug|Any CPU
		{C9F9E45B-2095-4817-A4EF-B6653DD09179}.Debug|iPhoneSimulator.Build.0 = Debug|Any CPU
		{C9F9E45B-2095-4817-A4EF-B6653DD09179}.Debug|iPhoneSimulator.Deploy.0 = Debug|Any CPU
		{C9F9E45B-2095-4817-A4EF-B6653DD09179}.Release|Any CPU.ActiveCfg = Release|Any CPU
		{C9F9E45B-2095-4817-A4EF-B6653DD09179}.Release|Any CPU.Build.0 = Release|Any CPU
		{C9F9E45B-2095-4817-A4EF-B6653DD09179}.Release|Any CPU.Deploy.0 = Release|Any CPU
		{C9F9E45B-2095-4817-A4EF-B6653DD09179}.Release|iPhone.ActiveCfg = Release|Any CPU
		{C9F9E45B-2095-4817-A4EF-B6653DD09179}.Release|iPhone.Build.0 = Release|Any CPU
		{C9F9E45B-2095-4817-A4EF-B6653DD09179}.Release|iPhone.Deploy.0 = Release|Any CPU
		{C9F9E45B-2095-4817-A4EF-B6653DD09179}.Release|iPhoneSimulator.ActiveCfg = Release|Any CPU
		{C9F9E45B-2095-4817-A4EF-B6653DD09179}.Release|iPhoneSimulator.Build.0 = Release|Any CPU
		{C9F9E45B-2095-4817-A4EF-B6653DD09179}.Release|iPhoneSimulator.Deploy.0 = Release|Any CPU
		{2930B735-8FAF-4160-9BD6-635CDA75D42C}.Ad-Hoc|Any CPU.ActiveCfg = Release|iPhone
		{2930B735-8FAF-4160-9BD6-635CDA75D42C}.Ad-Hoc|Any CPU.Build.0 = Release|iPhone
		{2930B735-8FAF-4160-9BD6-635CDA75D42C}.Ad-Hoc|iPhone.ActiveCfg = Release|iPhone
		{2930B735-8FAF-4160-9BD6-635CDA75D42C}.Ad-Hoc|iPhone.Build.0 = Release|iPhone
		{2930B735-8FAF-4160-9BD6-635CDA75D42C}.Ad-Hoc|iPhoneSimulator.ActiveCfg = Release|iPhoneSimulator
		{2930B735-8FAF-4160-9BD6-635CDA75D42C}.Ad-Hoc|iPhoneSimulator.Build.0 = Release|iPhoneSimulator
		{2930B735-8FAF-4160-9BD6-635CDA75D42C}.AppStore|Any CPU.ActiveCfg = Release|iPhone
		{2930B735-8FAF-4160-9BD6-635CDA75D42C}.AppStore|Any CPU.Build.0 = Release|iPhone
		{2930B735-8FAF-4160-9BD6-635CDA75D42C}.AppStore|iPhone.ActiveCfg = Release|iPhone
		{2930B735-8FAF-4160-9BD6-635CDA75D42C}.AppStore|iPhone.Build.0 = Release|iPhone
		{2930B735-8FAF-4160-9BD6-635CDA75D42C}.AppStore|iPhoneSimulator.ActiveCfg = Release|iPhoneSimulator
		{2930B735-8FAF-4160-9BD6-635CDA75D42C}.AppStore|iPhoneSimulator.Build.0 = Release|iPhoneSimulator
		{2930B735-8FAF-4160-9BD6-635CDA75D42C}.Debug|Any CPU.ActiveCfg = Debug|iPhone
		{2930B735-8FAF-4160-9BD6-635CDA75D42C}.Debug|iPhone.ActiveCfg = Debug|iPhone
		{2930B735-8FAF-4160-9BD6-635CDA75D42C}.Debug|iPhone.Build.0 = Debug|iPhone
		{2930B735-8FAF-4160-9BD6-635CDA75D42C}.Debug|iPhoneSimulator.ActiveCfg = Debug|iPhoneSimulator
		{2930B735-8FAF-4160-9BD6-635CDA75D42C}.Debug|iPhoneSimulator.Build.0 = Debug|iPhoneSimulator
		{2930B735-8FAF-4160-9BD6-635CDA75D42C}.Release|Any CPU.ActiveCfg = Release|iPhone
		{2930B735-8FAF-4160-9BD6-635CDA75D42C}.Release|iPhone.ActiveCfg = Release|iPhone
		{2930B735-8FAF-4160-9BD6-635CDA75D42C}.Release|iPhone.Build.0 = Release|iPhone
		{2930B735-8FAF-4160-9BD6-635CDA75D42C}.Release|iPhoneSimulator.ActiveCfg = Release|iPhoneSimulator
		{2930B735-8FAF-4160-9BD6-635CDA75D42C}.Release|iPhoneSimulator.Build.0 = Release|iPhoneSimulator
	EndGlobalSection
	GlobalSection(SolutionProperties) = preSolution
		HideSolutionNode = FALSE
	EndGlobalSection
	GlobalSection(ExtensibilityGlobals) = postSolution
		SolutionGuid = {4C06CF84-2DCE-4F4E-A5AE-225E3EC33792}
	EndGlobalSection
EndGlobal
